
Microsoft Visual Studio Solution File, Format Version 12.00
# Visual Studio Version 17
VisualStudioVersion = 17.3.32811.315
MinimumVisualStudioVersion = 10.0.40219.1
Project("{FAE04EC0-301F-11D3-BF4B-00C04F79EFBC}") = "Epilepsy.Project", "Epilepsy.Project\Epilepsy.Project.csproj", "{250C4FB1-57C3-4EB9-AA36-D276B807E3B1}"
EndProject
Global
	GlobalSection(SolutionConfigurationPlatforms) = preSolution
		Debug|Any CPU = Debug|Any CPU
		Release|Any CPU = Release|Any CPU
	EndGlobalSection
	GlobalSection(ProjectConfigurationPlatforms) = postSolution
		{250C4FB1-57C3-4EB9-AA36-D276B807E3B1}.Debug|Any CPU.ActiveCfg = Debug|Any CPU
		{250C4FB1-57C3-4EB9-AA36-D276B807E3B1}.Debug|Any CPU.Build.0 = Debug|Any CPU
		{250C4FB1-57C3-4EB9-AA36-D276B807E3B1}.Release|Any CPU.ActiveCfg = Release|Any CPU
		{250C4FB1-57C3-4EB9-AA36-D276B807E3B1}.Release|Any CPU.Build.0 = Release|Any CPU
	EndGlobalSection
	GlobalSection(SolutionProperties) = preSolution
		HideSolutionNode = FALSE
	EndGlobalSection
	GlobalSection(ExtensibilityGlobals) = postSolution
		SolutionGuid = {C51E6101-28AE-4946-BBB5-22CAA25D10C7}
	EndGlobalSection
EndGlobal
